
Microsoft Visual Studio Solution File, Format Version 12.00
# Visual Studio 14
VisualStudioVersion = 14.0.25123.0
MinimumVisualStudioVersion = 10.0.40219.1
Project("{FAE04EC0-301F-11D3-BF4B-00C04F79EFBC}") = "LoginGui", "PasswordServiceGui\LoginGui.csproj", "{D7CA41A0-815E-429B-9E39-F10286F336F9}"
EndProject
Project("{FAE04EC0-301F-11D3-BF4B-00C04F79EFBC}") = "Login", "PasswordService\Login.csproj", "{88B71FB6-9672-4FE0-9547-318C0423F4DD}"
EndProject
Project("{FAE04EC0-301F-11D3-BF4B-00C04F79EFBC}") = "Sandbox", "Sandbox\Sandbox.csproj", "{7235E423-5182-485B-8DB7-62EFA9C47CED}"
EndProject
Global
	GlobalSection(SolutionConfigurationPlatforms) = preSolution
		Debug|Any CPU = Debug|Any CPU
		Release|Any CPU = Release|Any CPU
	EndGlobalSection
	GlobalSection(ProjectConfigurationPlatforms) = postSolution
		{D7CA41A0-815E-429B-9E39-F10286F336F9}.Debug|Any CPU.ActiveCfg = Debug|Any CPU
		{D7CA41A0-815E-429B-9E39-F10286F336F9}.Debug|Any CPU.Build.0 = Debug|Any CPU
		{D7CA41A0-815E-429B-9E39-F10286F336F9}.Release|Any CPU.ActiveCfg = Release|Any CPU
		{D7CA41A0-815E-429B-9E39-F10286F336F9}.Release|Any CPU.Build.0 = Release|Any CPU
		{88B71FB6-9672-4FE0-9547-318C0423F4DD}.Debug|Any CPU.ActiveCfg = Debug|Any CPU
		{88B71FB6-9672-4FE0-9547-318C0423F4DD}.Debug|Any CPU.Build.0 = Debug|Any CPU
		{88B71FB6-9672-4FE0-9547-318C0423F4DD}.Release|Any CPU.ActiveCfg = Release|Any CPU
		{88B71FB6-9672-4FE0-9547-318C0423F4DD}.Release|Any CPU.Build.0 = Release|Any CPU
		{7235E423-5182-485B-8DB7-62EFA9C47CED}.Debug|Any CPU.ActiveCfg = Debug|Any CPU
		{7235E423-5182-485B-8DB7-62EFA9C47CED}.Debug|Any CPU.Build.0 = Debug|Any CPU
		{7235E423-5182-485B-8DB7-62EFA9C47CED}.Release|Any CPU.ActiveCfg = Release|Any CPU
		{7235E423-5182-485B-8DB7-62EFA9C47CED}.Release|Any CPU.Build.0 = Release|Any CPU
	EndGlobalSection
	GlobalSection(SolutionProperties) = preSolution
		HideSolutionNode = FALSE
	EndGlobalSection
EndGlobal
