
Microsoft Visual Studio Solution File, Format Version 12.00
# Visual Studio 14
VisualStudioVersion = 14.0.25420.1
MinimumVisualStudioVersion = 10.0.40219.1
Project("{2150E333-8FDC-42A3-9474-1A3956D46DE8}") = "PM", "PM", "{EFFE11E2-0641-4195-A230-2EC3EB480AF7}"
EndProject
Project("{FAE04EC0-301F-11D3-BF4B-00C04F79EFBC}") = "PM.Core", "PM\PM.Core\PM.Core.csproj", "{023B9E0F-46C3-40F6-A9C6-931E924DAF55}"
EndProject
Project("{FAE04EC0-301F-11D3-BF4B-00C04F79EFBC}") = "PM.Gui", "PM\PM.Gui\PM.Gui.csproj", "{8BEEAEEE-7538-451D-BDDD-7FB99EF58CA0}"
EndProject
Project("{2150E333-8FDC-42A3-9474-1A3956D46DE8}") = "Login", "Login", "{8E5A4E33-A909-4CCB-8FA6-22A404CF9251}"
EndProject
Project("{FAE04EC0-301F-11D3-BF4B-00C04F79EFBC}") = "Login.Core", "Login\Login.Core\Login.Core.csproj", "{88B71FB6-9672-4FE0-9547-318C0423F4DD}"
EndProject
Project("{FAE04EC0-301F-11D3-BF4B-00C04F79EFBC}") = "Login.Core.Tests", "Login\Login.Core.Tests\Login.Core.Tests.csproj", "{869F9B4A-A50A-4674-BB39-0340D64A9F93}"
EndProject
Project("{FAE04EC0-301F-11D3-BF4B-00C04F79EFBC}") = "Login.Gui", "Login\Login.Gui\Login.Gui.csproj", "{D7CA41A0-815E-429B-9E39-F10286F336F9}"
EndProject
Project("{2150E333-8FDC-42A3-9474-1A3956D46DE8}") = "StreamCryptor", "StreamCryptor", "{A65A14AC-3BF9-415A-A7EB-30989C852F4C}"
EndProject
Project("{FAE04EC0-301F-11D3-BF4B-00C04F79EFBC}") = "StreamCryptor", "StreamCryptor\StreamCryptor.Core\StreamCryptor.csproj", "{0F861EEC-87EF-489F-BA85-690D7981145E}"
EndProject
Project("{FAE04EC0-301F-11D3-BF4B-00C04F79EFBC}") = "StreamCryptor.Tests", "StreamCryptor\StreamCryptor.Tests\StreamCryptor.Tests.csproj", "{34B04B25-37C4-4B33-8EB7-2FD7B1B9133C}"
EndProject
Project("{FAE04EC0-301F-11D3-BF4B-00C04F79EFBC}") = "Sandbox", "StreamCryptor\Sandbox\Sandbox.csproj", "{74CB1A61-6CFF-467C-A5D7-368059473868}"
EndProject
Global
	GlobalSection(SolutionConfigurationPlatforms) = preSolution
		Debug|Any CPU = Debug|Any CPU
		Release|Any CPU = Release|Any CPU
	EndGlobalSection
	GlobalSection(ProjectConfigurationPlatforms) = postSolution
		{023B9E0F-46C3-40F6-A9C6-931E924DAF55}.Debug|Any CPU.ActiveCfg = Debug|Any CPU
		{023B9E0F-46C3-40F6-A9C6-931E924DAF55}.Debug|Any CPU.Build.0 = Debug|Any CPU
		{023B9E0F-46C3-40F6-A9C6-931E924DAF55}.Release|Any CPU.ActiveCfg = Release|Any CPU
		{023B9E0F-46C3-40F6-A9C6-931E924DAF55}.Release|Any CPU.Build.0 = Release|Any CPU
		{8BEEAEEE-7538-451D-BDDD-7FB99EF58CA0}.Debug|Any CPU.ActiveCfg = Debug|Any CPU
		{8BEEAEEE-7538-451D-BDDD-7FB99EF58CA0}.Debug|Any CPU.Build.0 = Debug|Any CPU
		{8BEEAEEE-7538-451D-BDDD-7FB99EF58CA0}.Release|Any CPU.ActiveCfg = Release|Any CPU
		{8BEEAEEE-7538-451D-BDDD-7FB99EF58CA0}.Release|Any CPU.Build.0 = Release|Any CPU
		{88B71FB6-9672-4FE0-9547-318C0423F4DD}.Debug|Any CPU.ActiveCfg = Debug|Any CPU
		{88B71FB6-9672-4FE0-9547-318C0423F4DD}.Debug|Any CPU.Build.0 = Debug|Any CPU
		{88B71FB6-9672-4FE0-9547-318C0423F4DD}.Release|Any CPU.ActiveCfg = Release|Any CPU
		{88B71FB6-9672-4FE0-9547-318C0423F4DD}.Release|Any CPU.Build.0 = Release|Any CPU
		{869F9B4A-A50A-4674-BB39-0340D64A9F93}.Debug|Any CPU.ActiveCfg = Debug|Any CPU
		{869F9B4A-A50A-4674-BB39-0340D64A9F93}.Release|Any CPU.ActiveCfg = Release|Any CPU
		{869F9B4A-A50A-4674-BB39-0340D64A9F93}.Release|Any CPU.Build.0 = Release|Any CPU
		{D7CA41A0-815E-429B-9E39-F10286F336F9}.Debug|Any CPU.ActiveCfg = Debug|Any CPU
		{D7CA41A0-815E-429B-9E39-F10286F336F9}.Debug|Any CPU.Build.0 = Debug|Any CPU
		{D7CA41A0-815E-429B-9E39-F10286F336F9}.Release|Any CPU.ActiveCfg = Release|Any CPU
		{D7CA41A0-815E-429B-9E39-F10286F336F9}.Release|Any CPU.Build.0 = Release|Any CPU
		{0F861EEC-87EF-489F-BA85-690D7981145E}.Debug|Any CPU.ActiveCfg = Debug|Any CPU
		{0F861EEC-87EF-489F-BA85-690D7981145E}.Debug|Any CPU.Build.0 = Debug|Any CPU
		{0F861EEC-87EF-489F-BA85-690D7981145E}.Release|Any CPU.ActiveCfg = Release|Any CPU
		{0F861EEC-87EF-489F-BA85-690D7981145E}.Release|Any CPU.Build.0 = Release|Any CPU
		{34B04B25-37C4-4B33-8EB7-2FD7B1B9133C}.Debug|Any CPU.ActiveCfg = Debug|Any CPU
		{34B04B25-37C4-4B33-8EB7-2FD7B1B9133C}.Release|Any CPU.ActiveCfg = Release|Any CPU
		{34B04B25-37C4-4B33-8EB7-2FD7B1B9133C}.Release|Any CPU.Build.0 = Release|Any CPU
		{74CB1A61-6CFF-467C-A5D7-368059473868}.Debug|Any CPU.ActiveCfg = Debug|Any CPU
		{74CB1A61-6CFF-467C-A5D7-368059473868}.Release|Any CPU.ActiveCfg = Release|Any CPU
		{74CB1A61-6CFF-467C-A5D7-368059473868}.Release|Any CPU.Build.0 = Release|Any CPU
	EndGlobalSection
	GlobalSection(SolutionProperties) = preSolution
		HideSolutionNode = FALSE
	EndGlobalSection
	GlobalSection(NestedProjects) = preSolution
		{023B9E0F-46C3-40F6-A9C6-931E924DAF55} = {EFFE11E2-0641-4195-A230-2EC3EB480AF7}
		{8BEEAEEE-7538-451D-BDDD-7FB99EF58CA0} = {EFFE11E2-0641-4195-A230-2EC3EB480AF7}
		{88B71FB6-9672-4FE0-9547-318C0423F4DD} = {8E5A4E33-A909-4CCB-8FA6-22A404CF9251}
		{869F9B4A-A50A-4674-BB39-0340D64A9F93} = {8E5A4E33-A909-4CCB-8FA6-22A404CF9251}
		{D7CA41A0-815E-429B-9E39-F10286F336F9} = {8E5A4E33-A909-4CCB-8FA6-22A404CF9251}
		{0F861EEC-87EF-489F-BA85-690D7981145E} = {A65A14AC-3BF9-415A-A7EB-30989C852F4C}
		{34B04B25-37C4-4B33-8EB7-2FD7B1B9133C} = {A65A14AC-3BF9-415A-A7EB-30989C852F4C}
		{74CB1A61-6CFF-467C-A5D7-368059473868} = {A65A14AC-3BF9-415A-A7EB-30989C852F4C}
	EndGlobalSection
EndGlobal
